
Microsoft Visual Studio Solution File, Format Version 12.00
# Visual Studio Version 17
VisualStudioVersion = 17.12.35707.178
MinimumVisualStudioVersion = 10.0.40219.1
Project("{FAE04EC0-301F-11D3-BF4B-00C04F79EFBC}") = "DOTNET-course", "DOTNET-course\DOTNET-course.csproj", "{4E5E1BA5-AE8E-4807-B6A7-40BEE50337C7}"
EndProject
Project("{FAE04EC0-301F-11D3-BF4B-00C04F79EFBC}") = "DOTNET-course.Data.Access", "DOTNET-course.Data.Access\DOTNET-course.Data.Access.csproj", "{589F1EB9-D93C-4E93-8B1C-961BD3005BFB}"
EndProject
Project("{FAE04EC0-301F-11D3-BF4B-00C04F79EFBC}") = "DOTNET-course.Models", "DOTNET-course.Models\DOTNET-course.Models.csproj", "{70A6F68B-FB36-415B-9F85-4E786E136639}"
EndProject
Project("{FAE04EC0-301F-11D3-BF4B-00C04F79EFBC}") = "DOTNET-course.Utility", "DOTNET-course.Utility\DOTNET-course.Utility.csproj", "{025171C3-F505-429F-AFC0-A360CB11D929}"
EndProject
Global
	GlobalSection(SolutionConfigurationPlatforms) = preSolution
		Debug|Any CPU = Debug|Any CPU
		Release|Any CPU = Release|Any CPU
	EndGlobalSection
	GlobalSection(ProjectConfigurationPlatforms) = postSolution
		{4E5E1BA5-AE8E-4807-B6A7-40BEE50337C7}.Debug|Any CPU.ActiveCfg = Debug|Any CPU
		{4E5E1BA5-AE8E-4807-B6A7-40BEE50337C7}.Debug|Any CPU.Build.0 = Debug|Any CPU
		{4E5E1BA5-AE8E-4807-B6A7-40BEE50337C7}.Release|Any CPU.ActiveCfg = Release|Any CPU
		{4E5E1BA5-AE8E-4807-B6A7-40BEE50337C7}.Release|Any CPU.Build.0 = Release|Any CPU
		{589F1EB9-D93C-4E93-8B1C-961BD3005BFB}.Debug|Any CPU.ActiveCfg = Debug|Any CPU
		{589F1EB9-D93C-4E93-8B1C-961BD3005BFB}.Debug|Any CPU.Build.0 = Debug|Any CPU
		{589F1EB9-D93C-4E93-8B1C-961BD3005BFB}.Release|Any CPU.ActiveCfg = Release|Any CPU
		{589F1EB9-D93C-4E93-8B1C-961BD3005BFB}.Release|Any CPU.Build.0 = Release|Any CPU
		{70A6F68B-FB36-415B-9F85-4E786E136639}.Debug|Any CPU.ActiveCfg = Debug|Any CPU
		{70A6F68B-FB36-415B-9F85-4E786E136639}.Debug|Any CPU.Build.0 = Debug|Any CPU
		{70A6F68B-FB36-415B-9F85-4E786E136639}.Release|Any CPU.ActiveCfg = Release|Any CPU
		{70A6F68B-FB36-415B-9F85-4E786E136639}.Release|Any CPU.Build.0 = Release|Any CPU
		{025171C3-F505-429F-AFC0-A360CB11D929}.Debug|Any CPU.ActiveCfg = Debug|Any CPU
		{025171C3-F505-429F-AFC0-A360CB11D929}.Debug|Any CPU.Build.0 = Debug|Any CPU
		{025171C3-F505-429F-AFC0-A360CB11D929}.Release|Any CPU.ActiveCfg = Release|Any CPU
		{025171C3-F505-429F-AFC0-A360CB11D929}.Release|Any CPU.Build.0 = Release|Any CPU
	EndGlobalSection
	GlobalSection(SolutionProperties) = preSolution
		HideSolutionNode = FALSE
	EndGlobalSection
EndGlobal
